{
  "lockfileVersion": 1,
  "workspaces": {
    "": {
      "name": "@lumina/mobile",
      "dependencies": {
        "@capacitor/core": "^7.4.4",
      },
    },
  },
  "packages": {
    "@capacitor/core": ["@capacitor/core@7.5.0", "", { "dependencies": { "tslib": "^2.1.0" } }, "sha512-4Y4trISe2Bp3lwsoGFoQIvgX4hiZO8S1Slmbz6oFaMxAuEc4noipQGCQx974PF4glwVVe/8+H3P9iEmCXtrUgA=="],

    "tslib": ["tslib@2.8.1", "", {}, "sha512-oJFu94HQb+KVduSUQL7wnpmqnfmLsOA/nAh6b6EH0wCEoK0/mPeXU6c3wKDV83MkOuHPRHtSXKKU99IBazS/2w=="],
  }
}
